
Microsoft Visual Studio Solution File, Format Version 12.00
# Visual Studio Version 16
VisualStudioVersion = 16.0.31205.134
MinimumVisualStudioVersion = 10.0.40219.1
Project("{FAE04EC0-301F-11D3-BF4B-00C04F79EFBC}") = "AlibabaCloudContainerRegistrySourceCode", "AlibabaCloudContainerRegistrySourceCode\AlibabaCloudContainerRegistrySourceCode.csproj", "{5F918623-A4A5-495D-AC46-239EFF32F839}"
EndProject
Global
	GlobalSection(SolutionConfigurationPlatforms) = preSolution
		Debug|Any CPU = Debug|Any CPU
		Release|Any CPU = Release|Any CPU
	EndGlobalSection
	GlobalSection(ProjectConfigurationPlatforms) = postSolution
		{5F918623-A4A5-495D-AC46-239EFF32F839}.Debug|Any CPU.ActiveCfg = Debug|Any CPU
		{5F918623-A4A5-495D-AC46-239EFF32F839}.Debug|Any CPU.Build.0 = Debug|Any CPU
		{5F918623-A4A5-495D-AC46-239EFF32F839}.Release|Any CPU.ActiveCfg = Release|Any CPU
		{5F918623-A4A5-495D-AC46-239EFF32F839}.Release|Any CPU.Build.0 = Release|Any CPU
	EndGlobalSection
	GlobalSection(SolutionProperties) = preSolution
		HideSolutionNode = FALSE
	EndGlobalSection
	GlobalSection(ExtensibilityGlobals) = postSolution
		SolutionGuid = {525853C1-844A-456F-8818-4E205D502E7D}
	EndGlobalSection
EndGlobal
